
Microsoft Visual Studio Solution File, Format Version 12.00
# Visual Studio Version 16
VisualStudioVersion = 16.0.30204.135
MinimumVisualStudioVersion = 10.0.40219.1
Project("{FAE04EC0-301F-11D3-BF4B-00C04F79EFBC}") = "SumOfPositive", "SumOfPositive\SumOfPositive.csproj", "{8C8F3DD7-B221-4AC5-A5A2-BA5AC237486F}"
EndProject
Global
	GlobalSection(SolutionConfigurationPlatforms) = preSolution
		Debug|Any CPU = Debug|Any CPU
		Release|Any CPU = Release|Any CPU
	EndGlobalSection
	GlobalSection(ProjectConfigurationPlatforms) = postSolution
		{8C8F3DD7-B221-4AC5-A5A2-BA5AC237486F}.Debug|Any CPU.ActiveCfg = Debug|Any CPU
		{8C8F3DD7-B221-4AC5-A5A2-BA5AC237486F}.Debug|Any CPU.Build.0 = Debug|Any CPU
		{8C8F3DD7-B221-4AC5-A5A2-BA5AC237486F}.Release|Any CPU.ActiveCfg = Release|Any CPU
		{8C8F3DD7-B221-4AC5-A5A2-BA5AC237486F}.Release|Any CPU.Build.0 = Release|Any CPU
	EndGlobalSection
	GlobalSection(SolutionProperties) = preSolution
		HideSolutionNode = FALSE
	EndGlobalSection
	GlobalSection(ExtensibilityGlobals) = postSolution
		SolutionGuid = {2D140885-DFB8-4774-B549-E27DF8ADAF63}
	EndGlobalSection
EndGlobal
